
Microsoft Visual Studio Solution File, Format Version 12.00
# Visual Studio Version 17
VisualStudioVersion = 17.4.33213.308
MinimumVisualStudioVersion = 10.0.40219.1
Project("{8BC9CEB8-8B4A-11D0-8D11-00A0C91BC942}") = "WeatherAppNew", "WeatherAppNew.vcxproj", "{CAB4D1C1-1BBA-49C5-B613-77B9AF971FE2}"
EndProject
Global
	GlobalSection(SolutionConfigurationPlatforms) = preSolution
		Debug UnitTests|x64 = Debug UnitTests|x64
		Debug UnitTests|x86 = Debug UnitTests|x86
		Debug|x64 = Debug|x64
		Debug|x86 = Debug|x86
		Release|x64 = Release|x64
		Release|x86 = Release|x86
	EndGlobalSection
	GlobalSection(ProjectConfigurationPlatforms) = postSolution
		{CAB4D1C1-1BBA-49C5-B613-77B9AF971FE2}.Debug UnitTests|x64.ActiveCfg = Debug UnitTests|x64
		{CAB4D1C1-1BBA-49C5-B613-77B9AF971FE2}.Debug UnitTests|x64.Build.0 = Debug UnitTests|x64
		{CAB4D1C1-1BBA-49C5-B613-77B9AF971FE2}.Debug UnitTests|x86.ActiveCfg = Debug UnitTests|Win32
		{CAB4D1C1-1BBA-49C5-B613-77B9AF971FE2}.Debug UnitTests|x86.Build.0 = Debug UnitTests|Win32
		{CAB4D1C1-1BBA-49C5-B613-77B9AF971FE2}.Debug|x64.ActiveCfg = Debug|x64
		{CAB4D1C1-1BBA-49C5-B613-77B9AF971FE2}.Debug|x64.Build.0 = Debug|x64
		{CAB4D1C1-1BBA-49C5-B613-77B9AF971FE2}.Debug|x86.ActiveCfg = Debug|Win32
		{CAB4D1C1-1BBA-49C5-B613-77B9AF971FE2}.Debug|x86.Build.0 = Debug|Win32
		{CAB4D1C1-1BBA-49C5-B613-77B9AF971FE2}.Release|x64.ActiveCfg = Release|x64
		{CAB4D1C1-1BBA-49C5-B613-77B9AF971FE2}.Release|x64.Build.0 = Release|x64
		{CAB4D1C1-1BBA-49C5-B613-77B9AF971FE2}.Release|x86.ActiveCfg = Release|Win32
		{CAB4D1C1-1BBA-49C5-B613-77B9AF971FE2}.Release|x86.Build.0 = Release|Win32
	EndGlobalSection
	GlobalSection(SolutionProperties) = preSolution
		HideSolutionNode = FALSE
	EndGlobalSection
	GlobalSection(ExtensibilityGlobals) = postSolution
		SolutionGuid = {8A64C2F3-EB5E-4D00-B8E4-B3BF505BA625}
	EndGlobalSection
EndGlobal
